
Microsoft Visual Studio Solution File, Format Version 12.00
# Visual Studio Version 17
VisualStudioVersion = 17.7.34031.279
MinimumVisualStudioVersion = 10.0.40219.1
Project("{8BC9CEB8-8B4A-11D0-8D11-00A0C91BC942}") = "Bai001", "Bai001\Bai001.vcxproj", "{D6A5CAC7-B358-43FE-A7E9-3225ED293F25}"
EndProject
Project("{8BC9CEB8-8B4A-11D0-8D11-00A0C91BC942}") = "PhanChiaBT", "PhanChiaBT\PhanChiaBT.vcxproj", "{63504C0B-7CFE-4890-98FE-603309E1412F}"
EndProject
Project("{8BC9CEB8-8B4A-11D0-8D11-00A0C91BC942}") = "Bai003", "Bai003\Bai003.vcxproj", "{3C4646B6-0F87-4959-9F78-208FF2DCB497}"
EndProject
Project("{8BC9CEB8-8B4A-11D0-8D11-00A0C91BC942}") = "Bai009", "Bai009\Bai009.vcxproj", "{74DE03C1-6672-47CE-ADBC-688F3862A291}"
EndProject
Project("{8BC9CEB8-8B4A-11D0-8D11-00A0C91BC942}") = "Bai015", "Bai015\Bai015.vcxproj", "{054C4A32-FAFD-4D9F-8130-622B916EB7DC}"
EndProject
Project("{8BC9CEB8-8B4A-11D0-8D11-00A0C91BC942}") = "Bai021", "Bai021\Bai021.vcxproj", "{5EB99251-5609-4824-A8F2-2B731F6A829A}"
EndProject
Project("{8BC9CEB8-8B4A-11D0-8D11-00A0C91BC942}") = "Bai027", "Bai027\Bai027.vcxproj", "{C5C59751-B7FF-42D0-93AA-6A96E7999E0A}"
EndProject
Project("{8BC9CEB8-8B4A-11D0-8D11-00A0C91BC942}") = "Bai033", "Bai033\Bai033.vcxproj", "{BC7A2466-9CA3-4C7F-8C7D-4B086E805BB2}"
EndProject
Project("{8BC9CEB8-8B4A-11D0-8D11-00A0C91BC942}") = "Bai039", "Bai039\Bai039.vcxproj", "{5F7F6224-CC2B-4164-8412-FBF1A33C9154}"
EndProject
Project("{8BC9CEB8-8B4A-11D0-8D11-00A0C91BC942}") = "Bai045", "Bai045\Bai045.vcxproj", "{237DE8B0-DAB6-4F29-8CC5-4D97CAA7A6A5}"
EndProject
Project("{8BC9CEB8-8B4A-11D0-8D11-00A0C91BC942}") = "Bai051", "Bai051\Bai051.vcxproj", "{18738FB9-922B-4BDC-82AD-F4080CDFD9A8}"
EndProject
Project("{8BC9CEB8-8B4A-11D0-8D11-00A0C91BC942}") = "Bai063", "Bai063\Bai063.vcxproj", "{552136BB-0A0E-45BC-942D-8CB911EB8FDA}"
EndProject
Project("{8BC9CEB8-8B4A-11D0-8D11-00A0C91BC942}") = "Bai069", "Bai069\Bai069.vcxproj", "{50004939-6DCB-4DE1-A9A2-F8994BDC3177}"
EndProject
Project("{8BC9CEB8-8B4A-11D0-8D11-00A0C91BC942}") = "Bai075", "Bai075\Bai075.vcxproj", "{D359B207-CAA4-4D64-97D4-6B321DE8A66C}"
EndProject
Project("{8BC9CEB8-8B4A-11D0-8D11-00A0C91BC942}") = "Bai081", "Bai081\Bai081.vcxproj", "{2E355865-1351-470C-8E78-1C9E5613E5F1}"
EndProject
Project("{8BC9CEB8-8B4A-11D0-8D11-00A0C91BC942}") = "Bai087", "Bai087\Bai087.vcxproj", "{CDC76729-CCF6-43CE-A90A-73EC3590A69A}"
EndProject
Project("{8BC9CEB8-8B4A-11D0-8D11-00A0C91BC942}") = "Bai093", "Bai093\Bai093.vcxproj", "{01EB2864-DD34-489C-94B5-07BF61CFBFC3}"
EndProject
Project("{8BC9CEB8-8B4A-11D0-8D11-00A0C91BC942}") = "Bai099", "Bai099\Bai099.vcxproj", "{E68B71C4-253C-4FA3-90EA-F78F450176ED}"
EndProject
Project("{8BC9CEB8-8B4A-11D0-8D11-00A0C91BC942}") = "Bai105", "Bai105\Bai105.vcxproj", "{34AD6050-B9FC-43AC-8D02-8ABDDF5EE266}"
EndProject
Project("{8BC9CEB8-8B4A-11D0-8D11-00A0C91BC942}") = "Bai111", "Bai111\Bai111.vcxproj", "{5BC327E6-DDD3-4502-A2D1-EA6F216E2B47}"
EndProject
Project("{8BC9CEB8-8B4A-11D0-8D11-00A0C91BC942}") = "Bai117", "Bai117\Bai117.vcxproj", "{230EC343-DF7D-4C5C-9014-A2903D1D3002}"
EndProject
Project("{8BC9CEB8-8B4A-11D0-8D11-00A0C91BC942}") = "Bai123", "Bai123\Bai123.vcxproj", "{B0530A3D-4F2C-40AB-A99A-310011CC0789}"
EndProject
Project("{8BC9CEB8-8B4A-11D0-8D11-00A0C91BC942}") = "Bai129", "Bai129\Bai129.vcxproj", "{9CC3026F-13A9-485F-B799-65010B16BA63}"
EndProject
Project("{8BC9CEB8-8B4A-11D0-8D11-00A0C91BC942}") = "Bai135", "Bai135\Bai135.vcxproj", "{69D6D0DD-0473-4B7B-AE3C-B328BF5B30D9}"
EndProject
Project("{8BC9CEB8-8B4A-11D0-8D11-00A0C91BC942}") = "Bai141", "Bai141\Bai141.vcxproj", "{4AE2A0AD-A882-4DCE-A870-FE32A1661F39}"
EndProject
Project("{8BC9CEB8-8B4A-11D0-8D11-00A0C91BC942}") = "Bai147", "Bai147\Bai147.vcxproj", "{42E55C65-8AE5-41DA-9CC8-45C04D2ADEAF}"
EndProject
Project("{8BC9CEB8-8B4A-11D0-8D11-00A0C91BC942}") = "Bai153", "Bai153\Bai153.vcxproj", "{02B3F23E-F666-4794-B781-BC25DDD08A1B}"
EndProject
Project("{8BC9CEB8-8B4A-11D0-8D11-00A0C91BC942}") = "Bai159", "Bai159\Bai159.vcxproj", "{8969687D-AAED-49B3-BEC1-24A5D1871D62}"
EndProject
Project("{8BC9CEB8-8B4A-11D0-8D11-00A0C91BC942}") = "Bai165", "Bai165\Bai165.vcxproj", "{08A8B7A5-E857-4635-AFD7-1AF7CF770101}"
EndProject
Project("{8BC9CEB8-8B4A-11D0-8D11-00A0C91BC942}") = "Bai171", "Bai171\Bai171.vcxproj", "{E1DFA043-9706-45CA-B0F1-9F9C63F42906}"
EndProject
Project("{8BC9CEB8-8B4A-11D0-8D11-00A0C91BC942}") = "Bai057", "Bai057\Bai057.vcxproj", "{CCBD689C-2E92-4E0A-AF61-7BFE5629AD4A}"
EndProject
Global
	GlobalSection(SolutionConfigurationPlatforms) = preSolution
		Debug|x64 = Debug|x64
		Debug|x86 = Debug|x86
		Release|x64 = Release|x64
		Release|x86 = Release|x86
	EndGlobalSection
	GlobalSection(ProjectConfigurationPlatforms) = postSolution
		{D6A5CAC7-B358-43FE-A7E9-3225ED293F25}.Debug|x64.ActiveCfg = Debug|x64
		{D6A5CAC7-B358-43FE-A7E9-3225ED293F25}.Debug|x64.Build.0 = Debug|x64
		{D6A5CAC7-B358-43FE-A7E9-3225ED293F25}.Debug|x86.ActiveCfg = Debug|Win32
		{D6A5CAC7-B358-43FE-A7E9-3225ED293F25}.Debug|x86.Build.0 = Debug|Win32
		{D6A5CAC7-B358-43FE-A7E9-3225ED293F25}.Release|x64.ActiveCfg = Release|x64
		{D6A5CAC7-B358-43FE-A7E9-3225ED293F25}.Release|x64.Build.0 = Release|x64
		{D6A5CAC7-B358-43FE-A7E9-3225ED293F25}.Release|x86.ActiveCfg = Release|Win32
		{D6A5CAC7-B358-43FE-A7E9-3225ED293F25}.Release|x86.Build.0 = Release|Win32
		{63504C0B-7CFE-4890-98FE-603309E1412F}.Debug|x64.ActiveCfg = Debug|x64
		{63504C0B-7CFE-4890-98FE-603309E1412F}.Debug|x64.Build.0 = Debug|x64
		{63504C0B-7CFE-4890-98FE-603309E1412F}.Debug|x86.ActiveCfg = Debug|Win32
		{63504C0B-7CFE-4890-98FE-603309E1412F}.Debug|x86.Build.0 = Debug|Win32
		{63504C0B-7CFE-4890-98FE-603309E1412F}.Release|x64.ActiveCfg = Release|x64
		{63504C0B-7CFE-4890-98FE-603309E1412F}.Release|x64.Build.0 = Release|x64
		{63504C0B-7CFE-4890-98FE-603309E1412F}.Release|x86.ActiveCfg = Release|Win32
		{63504C0B-7CFE-4890-98FE-603309E1412F}.Release|x86.Build.0 = Release|Win32
		{3C4646B6-0F87-4959-9F78-208FF2DCB497}.Debug|x64.ActiveCfg = Debug|x64
		{3C4646B6-0F87-4959-9F78-208FF2DCB497}.Debug|x64.Build.0 = Debug|x64
		{3C4646B6-0F87-4959-9F78-208FF2DCB497}.Debug|x86.ActiveCfg = Debug|Win32
		{3C4646B6-0F87-4959-9F78-208FF2DCB497}.Debug|x86.Build.0 = Debug|Win32
		{3C4646B6-0F87-4959-9F78-208FF2DCB497}.Release|x64.ActiveCfg = Release|x64
		{3C4646B6-0F87-4959-9F78-208FF2DCB497}.Release|x64.Build.0 = Release|x64
		{3C4646B6-0F87-4959-9F78-208FF2DCB497}.Release|x86.ActiveCfg = Release|Win32
		{3C4646B6-0F87-4959-9F78-208FF2DCB497}.Release|x86.Build.0 = Release|Win32
		{74DE03C1-6672-47CE-ADBC-688F3862A291}.Debug|x64.ActiveCfg = Debug|x64
		{74DE03C1-6672-47CE-ADBC-688F3862A291}.Debug|x64.Build.0 = Debug|x64
		{74DE03C1-6672-47CE-ADBC-688F3862A291}.Debug|x86.ActiveCfg = Debug|Win32
		{74DE03C1-6672-47CE-ADBC-688F3862A291}.Debug|x86.Build.0 = Debug|Win32
		{74DE03C1-6672-47CE-ADBC-688F3862A291}.Release|x64.ActiveCfg = Release|x64
		{74DE03C1-6672-47CE-ADBC-688F3862A291}.Release|x64.Build.0 = Release|x64
		{74DE03C1-6672-47CE-ADBC-688F3862A291}.Release|x86.ActiveCfg = Release|Win32
		{74DE03C1-6672-47CE-ADBC-688F3862A291}.Release|x86.Build.0 = Release|Win32
		{054C4A32-FAFD-4D9F-8130-622B916EB7DC}.Debug|x64.ActiveCfg = Debug|x64
		{054C4A32-FAFD-4D9F-8130-622B916EB7DC}.Debug|x64.Build.0 = Debug|x64
		{054C4A32-FAFD-4D9F-8130-622B916EB7DC}.Debug|x86.ActiveCfg = Debug|Win32
		{054C4A32-FAFD-4D9F-8130-622B916EB7DC}.Debug|x86.Build.0 = Debug|Win32
		{054C4A32-FAFD-4D9F-8130-622B916EB7DC}.Release|x64.ActiveCfg = Release|x64
		{054C4A32-FAFD-4D9F-8130-622B916EB7DC}.Release|x64.Build.0 = Release|x64
		{054C4A32-FAFD-4D9F-8130-622B916EB7DC}.Release|x86.ActiveCfg = Release|Win32
		{054C4A32-FAFD-4D9F-8130-622B916EB7DC}.Release|x86.Build.0 = Release|Win32
		{5EB99251-5609-4824-A8F2-2B731F6A829A}.Debug|x64.ActiveCfg = Debug|x64
		{5EB99251-5609-4824-A8F2-2B731F6A829A}.Debug|x64.Build.0 = Debug|x64
		{5EB99251-5609-4824-A8F2-2B731F6A829A}.Debug|x86.ActiveCfg = Debug|Win32
		{5EB99251-5609-4824-A8F2-2B731F6A829A}.Debug|x86.Build.0 = Debug|Win32
		{5EB99251-5609-4824-A8F2-2B731F6A829A}.Release|x64.ActiveCfg = Release|x64
		{5EB99251-5609-4824-A8F2-2B731F6A829A}.Release|x64.Build.0 = Release|x64
		{5EB99251-5609-4824-A8F2-2B731F6A829A}.Release|x86.ActiveCfg = Release|Win32
		{5EB99251-5609-4824-A8F2-2B731F6A829A}.Release|x86.Build.0 = Release|Win32
		{C5C59751-B7FF-42D0-93AA-6A96E7999E0A}.Debug|x64.ActiveCfg = Debug|x64
		{C5C59751-B7FF-42D0-93AA-6A96E7999E0A}.Debug|x64.Build.0 = Debug|x64
		{C5C59751-B7FF-42D0-93AA-6A96E7999E0A}.Debug|x86.ActiveCfg = Debug|Win32
		{C5C59751-B7FF-42D0-93AA-6A96E7999E0A}.Debug|x86.Build.0 = Debug|Win32
		{C5C59751-B7FF-42D0-93AA-6A96E7999E0A}.Release|x64.ActiveCfg = Release|x64
		{C5C59751-B7FF-42D0-93AA-6A96E7999E0A}.Release|x64.Build.0 = Release|x64
		{C5C59751-B7FF-42D0-93AA-6A96E7999E0A}.Release|x86.ActiveCfg = Release|Win32
		{C5C59751-B7FF-42D0-93AA-6A96E7999E0A}.Release|x86.Build.0 = Release|Win32
		{BC7A2466-9CA3-4C7F-8C7D-4B086E805BB2}.Debug|x64.ActiveCfg = Debug|x64
		{BC7A2466-9CA3-4C7F-8C7D-4B086E805BB2}.Debug|x64.Build.0 = Debug|x64
		{BC7A2466-9CA3-4C7F-8C7D-4B086E805BB2}.Debug|x86.ActiveCfg = Debug|Win32
		{BC7A2466-9CA3-4C7F-8C7D-4B086E805BB2}.Debug|x86.Build.0 = Debug|Win32
		{BC7A2466-9CA3-4C7F-8C7D-4B086E805BB2}.Release|x64.ActiveCfg = Release|x64
		{BC7A2466-9CA3-4C7F-8C7D-4B086E805BB2}.Release|x64.Build.0 = Release|x64
		{BC7A2466-9CA3-4C7F-8C7D-4B086E805BB2}.Release|x86.ActiveCfg = Release|Win32
		{BC7A2466-9CA3-4C7F-8C7D-4B086E805BB2}.Release|x86.Build.0 = Release|Win32
		{5F7F6224-CC2B-4164-8412-FBF1A33C9154}.Debug|x64.ActiveCfg = Debug|x64
		{5F7F6224-CC2B-4164-8412-FBF1A33C9154}.Debug|x64.Build.0 = Debug|x64
		{5F7F6224-CC2B-4164-8412-FBF1A33C9154}.Debug|x86.ActiveCfg = Debug|Win32
		{5F7F6224-CC2B-4164-8412-FBF1A33C9154}.Debug|x86.Build.0 = Debug|Win32
		{5F7F6224-CC2B-4164-8412-FBF1A33C9154}.Release|x64.ActiveCfg = Release|x64
		{5F7F6224-CC2B-4164-8412-FBF1A33C9154}.Release|x64.Build.0 = Release|x64
		{5F7F6224-CC2B-4164-8412-FBF1A33C9154}.Release|x86.ActiveCfg = Release|Win32
		{5F7F6224-CC2B-4164-8412-FBF1A33C9154}.Release|x86.Build.0 = Release|Win32
		{237DE8B0-DAB6-4F29-8CC5-4D97CAA7A6A5}.Debug|x64.ActiveCfg = Debug|x64
		{237DE8B0-DAB6-4F29-8CC5-4D97CAA7A6A5}.Debug|x64.Build.0 = Debug|x64
		{237DE8B0-DAB6-4F29-8CC5-4D97CAA7A6A5}.Debug|x86.ActiveCfg = Debug|Win32
		{237DE8B0-DAB6-4F29-8CC5-4D97CAA7A6A5}.Debug|x86.Build.0 = Debug|Win32
		{237DE8B0-DAB6-4F29-8CC5-4D97CAA7A6A5}.Release|x64.ActiveCfg = Release|x64
		{237DE8B0-DAB6-4F29-8CC5-4D97CAA7A6A5}.Release|x64.Build.0 = Release|x64
		{237DE8B0-DAB6-4F29-8CC5-4D97CAA7A6A5}.Release|x86.ActiveCfg = Release|Win32
		{237DE8B0-DAB6-4F29-8CC5-4D97CAA7A6A5}.Release|x86.Build.0 = Release|Win32
		{18738FB9-922B-4BDC-82AD-F4080CDFD9A8}.Debug|x64.ActiveCfg = Debug|x64
		{18738FB9-922B-4BDC-82AD-F4080CDFD9A8}.Debug|x64.Build.0 = Debug|x64
		{18738FB9-922B-4BDC-82AD-F4080CDFD9A8}.Debug|x86.ActiveCfg = Debug|Win32
		{18738FB9-922B-4BDC-82AD-F4080CDFD9A8}.Debug|x86.Build.0 = Debug|Win32
		{18738FB9-922B-4BDC-82AD-F4080CDFD9A8}.Release|x64.ActiveCfg = Release|x64
		{18738FB9-922B-4BDC-82AD-F4080CDFD9A8}.Release|x64.Build.0 = Release|x64
		{18738FB9-922B-4BDC-82AD-F4080CDFD9A8}.Release|x86.ActiveCfg = Release|Win32
		{18738FB9-922B-4BDC-82AD-F4080CDFD9A8}.Release|x86.Build.0 = Release|Win32
		{552136BB-0A0E-45BC-942D-8CB911EB8FDA}.Debug|x64.ActiveCfg = Debug|x64
		{552136BB-0A0E-45BC-942D-8CB911EB8FDA}.Debug|x64.Build.0 = Debug|x64
		{552136BB-0A0E-45BC-942D-8CB911EB8FDA}.Debug|x86.ActiveCfg = Debug|Win32
		{552136BB-0A0E-45BC-942D-8CB911EB8FDA}.Debug|x86.Build.0 = Debug|Win32
		{552136BB-0A0E-45BC-942D-8CB911EB8FDA}.Release|x64.ActiveCfg = Release|x64
		{552136BB-0A0E-45BC-942D-8CB911EB8FDA}.Release|x64.Build.0 = Release|x64
		{552136BB-0A0E-45BC-942D-8CB911EB8FDA}.Release|x86.ActiveCfg = Release|Win32
		{552136BB-0A0E-45BC-942D-8CB911EB8FDA}.Release|x86.Build.0 = Release|Win32
		{50004939-6DCB-4DE1-A9A2-F8994BDC3177}.Debug|x64.ActiveCfg = Debug|x64
		{50004939-6DCB-4DE1-A9A2-F8994BDC3177}.Debug|x64.Build.0 = Debug|x64
		{50004939-6DCB-4DE1-A9A2-F8994BDC3177}.Debug|x86.ActiveCfg = Debug|Win32
		{50004939-6DCB-4DE1-A9A2-F8994BDC3177}.Debug|x86.Build.0 = Debug|Win32
		{50004939-6DCB-4DE1-A9A2-F8994BDC3177}.Release|x64.ActiveCfg = Release|x64
		{50004939-6DCB-4DE1-A9A2-F8994BDC3177}.Release|x64.Build.0 = Release|x64
		{50004939-6DCB-4DE1-A9A2-F8994BDC3177}.Release|x86.ActiveCfg = Release|Win32
		{50004939-6DCB-4DE1-A9A2-F8994BDC3177}.Release|x86.Build.0 = Release|Win32
		{D359B207-CAA4-4D64-97D4-6B321DE8A66C}.Debug|x64.ActiveCfg = Debug|x64
		{D359B207-CAA4-4D64-97D4-6B321DE8A66C}.Debug|x64.Build.0 = Debug|x64
		{D359B207-CAA4-4D64-97D4-6B321DE8A66C}.Debug|x86.ActiveCfg = Debug|Win32
		{D359B207-CAA4-4D64-97D4-6B321DE8A66C}.Debug|x86.Build.0 = Debug|Win32
		{D359B207-CAA4-4D64-97D4-6B321DE8A66C}.Release|x64.ActiveCfg = Release|x64
		{D359B207-CAA4-4D64-97D4-6B321DE8A66C}.Release|x64.Build.0 = Release|x64
		{D359B207-CAA4-4D64-97D4-6B321DE8A66C}.Release|x86.ActiveCfg = Release|Win32
		{D359B207-CAA4-4D64-97D4-6B321DE8A66C}.Release|x86.Build.0 = Release|Win32
		{2E355865-1351-470C-8E78-1C9E5613E5F1}.Debug|x64.ActiveCfg = Debug|x64
		{2E355865-1351-470C-8E78-1C9E5613E5F1}.Debug|x64.Build.0 = Debug|x64
		{2E355865-1351-470C-8E78-1C9E5613E5F1}.Debug|x86.ActiveCfg = Debug|Win32
		{2E355865-1351-470C-8E78-1C9E5613E5F1}.Debug|x86.Build.0 = Debug|Win32
		{2E355865-1351-470C-8E78-1C9E5613E5F1}.Release|x64.ActiveCfg = Release|x64
		{2E355865-1351-470C-8E78-1C9E5613E5F1}.Release|x64.Build.0 = Release|x64
		{2E355865-1351-470C-8E78-1C9E5613E5F1}.Release|x86.ActiveCfg = Release|Win32
		{2E355865-1351-470C-8E78-1C9E5613E5F1}.Release|x86.Build.0 = Release|Win32
		{CDC76729-CCF6-43CE-A90A-73EC3590A69A}.Debug|x64.ActiveCfg = Debug|x64
		{CDC76729-CCF6-43CE-A90A-73EC3590A69A}.Debug|x64.Build.0 = Debug|x64
		{CDC76729-CCF6-43CE-A90A-73EC3590A69A}.Debug|x86.ActiveCfg = Debug|Win32
		{CDC76729-CCF6-43CE-A90A-73EC3590A69A}.Debug|x86.Build.0 = Debug|Win32
		{CDC76729-CCF6-43CE-A90A-73EC3590A69A}.Release|x64.ActiveCfg = Release|x64
		{CDC76729-CCF6-43CE-A90A-73EC3590A69A}.Release|x64.Build.0 = Release|x64
		{CDC76729-CCF6-43CE-A90A-73EC3590A69A}.Release|x86.ActiveCfg = Release|Win32
		{CDC76729-CCF6-43CE-A90A-73EC3590A69A}.Release|x86.Build.0 = Release|Win32
		{01EB2864-DD34-489C-94B5-07BF61CFBFC3}.Debug|x64.ActiveCfg = Debug|x64
		{01EB2864-DD34-489C-94B5-07BF61CFBFC3}.Debug|x64.Build.0 = Debug|x64
		{01EB2864-DD34-489C-94B5-07BF61CFBFC3}.Debug|x86.ActiveCfg = Debug|Win32
		{01EB2864-DD34-489C-94B5-07BF61CFBFC3}.Debug|x86.Build.0 = Debug|Win32
		{01EB2864-DD34-489C-94B5-07BF61CFBFC3}.Release|x64.ActiveCfg = Release|x64
		{01EB2864-DD34-489C-94B5-07BF61CFBFC3}.Release|x64.Build.0 = Release|x64
		{01EB2864-DD34-489C-94B5-07BF61CFBFC3}.Release|x86.ActiveCfg = Release|Win32
		{01EB2864-DD34-489C-94B5-07BF61CFBFC3}.Release|x86.Build.0 = Release|Win32
		{E68B71C4-253C-4FA3-90EA-F78F450176ED}.Debug|x64.ActiveCfg = Debug|x64
		{E68B71C4-253C-4FA3-90EA-F78F450176ED}.Debug|x64.Build.0 = Debug|x64
		{E68B71C4-253C-4FA3-90EA-F78F450176ED}.Debug|x86.ActiveCfg = Debug|Win32
		{E68B71C4-253C-4FA3-90EA-F78F450176ED}.Debug|x86.Build.0 = Debug|Win32
		{E68B71C4-253C-4FA3-90EA-F78F450176ED}.Release|x64.ActiveCfg = Release|x64
		{E68B71C4-253C-4FA3-90EA-F78F450176ED}.Release|x64.Build.0 = Release|x64
		{E68B71C4-253C-4FA3-90EA-F78F450176ED}.Release|x86.ActiveCfg = Release|Win32
		{E68B71C4-253C-4FA3-90EA-F78F450176ED}.Release|x86.Build.0 = Release|Win32
		{34AD6050-B9FC-43AC-8D02-8ABDDF5EE266}.Debug|x64.ActiveCfg = Debug|x64
		{34AD6050-B9FC-43AC-8D02-8ABDDF5EE266}.Debug|x64.Build.0 = Debug|x64
		{34AD6050-B9FC-43AC-8D02-8ABDDF5EE266}.Debug|x86.ActiveCfg = Debug|Win32
		{34AD6050-B9FC-43AC-8D02-8ABDDF5EE266}.Debug|x86.Build.0 = Debug|Win32
		{34AD6050-B9FC-43AC-8D02-8ABDDF5EE266}.Release|x64.ActiveCfg = Release|x64
		{34AD6050-B9FC-43AC-8D02-8ABDDF5EE266}.Release|x64.Build.0 = Release|x64
		{34AD6050-B9FC-43AC-8D02-8ABDDF5EE266}.Release|x86.ActiveCfg = Release|Win32
		{34AD6050-B9FC-43AC-8D02-8ABDDF5EE266}.Release|x86.Build.0 = Release|Win32
		{5BC327E6-DDD3-4502-A2D1-EA6F216E2B47}.Debug|x64.ActiveCfg = Debug|x64
		{5BC327E6-DDD3-4502-A2D1-EA6F216E2B47}.Debug|x64.Build.0 = Debug|x64
		{5BC327E6-DDD3-4502-A2D1-EA6F216E2B47}.Debug|x86.ActiveCfg = Debug|Win32
		{5BC327E6-DDD3-4502-A2D1-EA6F216E2B47}.Debug|x86.Build.0 = Debug|Win32
		{5BC327E6-DDD3-4502-A2D1-EA6F216E2B47}.Release|x64.ActiveCfg = Release|x64
		{5BC327E6-DDD3-4502-A2D1-EA6F216E2B47}.Release|x64.Build.0 = Release|x64
		{5BC327E6-DDD3-4502-A2D1-EA6F216E2B47}.Release|x86.ActiveCfg = Release|Win32
		{5BC327E6-DDD3-4502-A2D1-EA6F216E2B47}.Release|x86.Build.0 = Release|Win32
		{230EC343-DF7D-4C5C-9014-A2903D1D3002}.Debug|x64.ActiveCfg = Debug|x64
		{230EC343-DF7D-4C5C-9014-A2903D1D3002}.Debug|x64.Build.0 = Debug|x64
		{230EC343-DF7D-4C5C-9014-A2903D1D3002}.Debug|x86.ActiveCfg = Debug|Win32
		{230EC343-DF7D-4C5C-9014-A2903D1D3002}.Debug|x86.Build.0 = Debug|Win32
		{230EC343-DF7D-4C5C-9014-A2903D1D3002}.Release|x64.ActiveCfg = Release|x64
		{230EC343-DF7D-4C5C-9014-A2903D1D3002}.Release|x64.Build.0 = Release|x64
		{230EC343-DF7D-4C5C-9014-A2903D1D3002}.Release|x86.ActiveCfg = Release|Win32
		{230EC343-DF7D-4C5C-9014-A2903D1D3002}.Release|x86.Build.0 = Release|Win32
		{B0530A3D-4F2C-40AB-A99A-310011CC0789}.Debug|x64.ActiveCfg = Debug|x64
		{B0530A3D-4F2C-40AB-A99A-310011CC0789}.Debug|x64.Build.0 = Debug|x64
		{B0530A3D-4F2C-40AB-A99A-310011CC0789}.Debug|x86.ActiveCfg = Debug|Win32
		{B0530A3D-4F2C-40AB-A99A-310011CC0789}.Debug|x86.Build.0 = Debug|Win32
		{B0530A3D-4F2C-40AB-A99A-310011CC0789}.Release|x64.ActiveCfg = Release|x64
		{B0530A3D-4F2C-40AB-A99A-310011CC0789}.Release|x64.Build.0 = Release|x64
		{B0530A3D-4F2C-40AB-A99A-310011CC0789}.Release|x86.ActiveCfg = Release|Win32
		{B0530A3D-4F2C-40AB-A99A-310011CC0789}.Release|x86.Build.0 = Release|Win32
		{9CC3026F-13A9-485F-B799-65010B16BA63}.Debug|x64.ActiveCfg = Debug|x64
		{9CC3026F-13A9-485F-B799-65010B16BA63}.Debug|x64.Build.0 = Debug|x64
		{9CC3026F-13A9-485F-B799-65010B16BA63}.Debug|x86.ActiveCfg = Debug|Win32
		{9CC3026F-13A9-485F-B799-65010B16BA63}.Debug|x86.Build.0 = Debug|Win32
		{9CC3026F-13A9-485F-B799-65010B16BA63}.Release|x64.ActiveCfg = Release|x64
		{9CC3026F-13A9-485F-B799-65010B16BA63}.Release|x64.Build.0 = Release|x64
		{9CC3026F-13A9-485F-B799-65010B16BA63}.Release|x86.ActiveCfg = Release|Win32
		{9CC3026F-13A9-485F-B799-65010B16BA63}.Release|x86.Build.0 = Release|Win32
		{69D6D0DD-0473-4B7B-AE3C-B328BF5B30D9}.Debug|x64.ActiveCfg = Debug|x64
		{69D6D0DD-0473-4B7B-AE3C-B328BF5B30D9}.Debug|x64.Build.0 = Debug|x64
		{69D6D0DD-0473-4B7B-AE3C-B328BF5B30D9}.Debug|x86.ActiveCfg = Debug|Win32
		{69D6D0DD-0473-4B7B-AE3C-B328BF5B30D9}.Debug|x86.Build.0 = Debug|Win32
		{69D6D0DD-0473-4B7B-AE3C-B328BF5B30D9}.Release|x64.ActiveCfg = Release|x64
		{69D6D0DD-0473-4B7B-AE3C-B328BF5B30D9}.Release|x64.Build.0 = Release|x64
		{69D6D0DD-0473-4B7B-AE3C-B328BF5B30D9}.Release|x86.ActiveCfg = Release|Win32
		{69D6D0DD-0473-4B7B-AE3C-B328BF5B30D9}.Release|x86.Build.0 = Release|Win32
		{4AE2A0AD-A882-4DCE-A870-FE32A1661F39}.Debug|x64.ActiveCfg = Debug|x64
		{4AE2A0AD-A882-4DCE-A870-FE32A1661F39}.Debug|x64.Build.0 = Debug|x64
		{4AE2A0AD-A882-4DCE-A870-FE32A1661F39}.Debug|x86.ActiveCfg = Debug|Win32
		{4AE2A0AD-A882-4DCE-A870-FE32A1661F39}.Debug|x86.Build.0 = Debug|Win32
		{4AE2A0AD-A882-4DCE-A870-FE32A1661F39}.Release|x64.ActiveCfg = Release|x64
		{4AE2A0AD-A882-4DCE-A870-FE32A1661F39}.Release|x64.Build.0 = Release|x64
		{4AE2A0AD-A882-4DCE-A870-FE32A1661F39}.Release|x86.ActiveCfg = Release|Win32
		{4AE2A0AD-A882-4DCE-A870-FE32A1661F39}.Release|x86.Build.0 = Release|Win32
		{42E55C65-8AE5-41DA-9CC8-45C04D2ADEAF}.Debug|x64.ActiveCfg = Debug|x64
		{42E55C65-8AE5-41DA-9CC8-45C04D2ADEAF}.Debug|x64.Build.0 = Debug|x64
		{42E55C65-8AE5-41DA-9CC8-45C04D2ADEAF}.Debug|x86.ActiveCfg = Debug|Win32
		{42E55C65-8AE5-41DA-9CC8-45C04D2ADEAF}.Debug|x86.Build.0 = Debug|Win32
		{42E55C65-8AE5-41DA-9CC8-45C04D2ADEAF}.Release|x64.ActiveCfg = Release|x64
		{42E55C65-8AE5-41DA-9CC8-45C04D2ADEAF}.Release|x64.Build.0 = Release|x64
		{42E55C65-8AE5-41DA-9CC8-45C04D2ADEAF}.Release|x86.ActiveCfg = Release|Win32
		{42E55C65-8AE5-41DA-9CC8-45C04D2ADEAF}.Release|x86.Build.0 = Release|Win32
		{02B3F23E-F666-4794-B781-BC25DDD08A1B}.Debug|x64.ActiveCfg = Debug|x64
		{02B3F23E-F666-4794-B781-BC25DDD08A1B}.Debug|x64.Build.0 = Debug|x64
		{02B3F23E-F666-4794-B781-BC25DDD08A1B}.Debug|x86.ActiveCfg = Debug|Win32
		{02B3F23E-F666-4794-B781-BC25DDD08A1B}.Debug|x86.Build.0 = Debug|Win32
		{02B3F23E-F666-4794-B781-BC25DDD08A1B}.Release|x64.ActiveCfg = Release|x64
		{02B3F23E-F666-4794-B781-BC25DDD08A1B}.Release|x64.Build.0 = Release|x64
		{02B3F23E-F666-4794-B781-BC25DDD08A1B}.Release|x86.ActiveCfg = Release|Win32
		{02B3F23E-F666-4794-B781-BC25DDD08A1B}.Release|x86.Build.0 = Release|Win32
		{8969687D-AAED-49B3-BEC1-24A5D1871D62}.Debug|x64.ActiveCfg = Debug|x64
		{8969687D-AAED-49B3-BEC1-24A5D1871D62}.Debug|x64.Build.0 = Debug|x64
		{8969687D-AAED-49B3-BEC1-24A5D1871D62}.Debug|x86.ActiveCfg = Debug|Win32
		{8969687D-AAED-49B3-BEC1-24A5D1871D62}.Debug|x86.Build.0 = Debug|Win32
		{8969687D-AAED-49B3-BEC1-24A5D1871D62}.Release|x64.ActiveCfg = Release|x64
		{8969687D-AAED-49B3-BEC1-24A5D1871D62}.Release|x64.Build.0 = Release|x64
		{8969687D-AAED-49B3-BEC1-24A5D1871D62}.Release|x86.ActiveCfg = Release|Win32
		{8969687D-AAED-49B3-BEC1-24A5D1871D62}.Release|x86.Build.0 = Release|Win32
		{08A8B7A5-E857-4635-AFD7-1AF7CF770101}.Debug|x64.ActiveCfg = Debug|x64
		{08A8B7A5-E857-4635-AFD7-1AF7CF770101}.Debug|x64.Build.0 = Debug|x64
		{08A8B7A5-E857-4635-AFD7-1AF7CF770101}.Debug|x86.ActiveCfg = Debug|Win32
		{08A8B7A5-E857-4635-AFD7-1AF7CF770101}.Debug|x86.Build.0 = Debug|Win32
		{08A8B7A5-E857-4635-AFD7-1AF7CF770101}.Release|x64.ActiveCfg = Release|x64
		{08A8B7A5-E857-4635-AFD7-1AF7CF770101}.Release|x64.Build.0 = Release|x64
		{08A8B7A5-E857-4635-AFD7-1AF7CF770101}.Release|x86.ActiveCfg = Release|Win32
		{08A8B7A5-E857-4635-AFD7-1AF7CF770101}.Release|x86.Build.0 = Release|Win32
		{E1DFA043-9706-45CA-B0F1-9F9C63F42906}.Debug|x64.ActiveCfg = Debug|x64
		{E1DFA043-9706-45CA-B0F1-9F9C63F42906}.Debug|x64.Build.0 = Debug|x64
		{E1DFA043-9706-45CA-B0F1-9F9C63F42906}.Debug|x86.ActiveCfg = Debug|Win32
		{E1DFA043-9706-45CA-B0F1-9F9C63F42906}.Debug|x86.Build.0 = Debug|Win32
		{E1DFA043-9706-45CA-B0F1-9F9C63F42906}.Release|x64.ActiveCfg = Release|x64
		{E1DFA043-9706-45CA-B0F1-9F9C63F42906}.Release|x64.Build.0 = Release|x64
		{E1DFA043-9706-45CA-B0F1-9F9C63F42906}.Release|x86.ActiveCfg = Release|Win32
		{E1DFA043-9706-45CA-B0F1-9F9C63F42906}.Release|x86.Build.0 = Release|Win32
		{CCBD689C-2E92-4E0A-AF61-7BFE5629AD4A}.Debug|x64.ActiveCfg = Debug|x64
		{CCBD689C-2E92-4E0A-AF61-7BFE5629AD4A}.Debug|x64.Build.0 = Debug|x64
		{CCBD689C-2E92-4E0A-AF61-7BFE5629AD4A}.Debug|x86.ActiveCfg = Debug|Win32
		{CCBD689C-2E92-4E0A-AF61-7BFE5629AD4A}.Debug|x86.Build.0 = Debug|Win32
		{CCBD689C-2E92-4E0A-AF61-7BFE5629AD4A}.Release|x64.ActiveCfg = Release|x64
		{CCBD689C-2E92-4E0A-AF61-7BFE5629AD4A}.Release|x64.Build.0 = Release|x64
		{CCBD689C-2E92-4E0A-AF61-7BFE5629AD4A}.Release|x86.ActiveCfg = Release|Win32
		{CCBD689C-2E92-4E0A-AF61-7BFE5629AD4A}.Release|x86.Build.0 = Release|Win32
	EndGlobalSection
	GlobalSection(SolutionProperties) = preSolution
		HideSolutionNode = FALSE
	EndGlobalSection
	GlobalSection(ExtensibilityGlobals) = postSolution
		SolutionGuid = {904190ED-6088-49B7-8F4E-C4E5D3C572A2}
	EndGlobalSection
EndGlobal
