
Microsoft Visual Studio Solution File, Format Version 12.00
# Visual Studio Version 17
VisualStudioVersion = 17.7.34031.279
MinimumVisualStudioVersion = 10.0.40219.1
Project("{8BC9CEB8-8B4A-11D0-8D11-00A0C91BC942}") = "PhanChiaBT", "PhanChiaBT\PhanChiaBT.vcxproj", "{63504C0B-7CFE-4890-98FE-603309E1412F}"
EndProject
Project("{8BC9CEB8-8B4A-11D0-8D11-00A0C91BC942}") = "Bai006", "Bai006\Bai006.vcxproj", "{F5125FF1-8FA0-4CA7-B239-71D104173510}"
EndProject
Project("{8BC9CEB8-8B4A-11D0-8D11-00A0C91BC942}") = "Bai012", "Bai012\Bai012.vcxproj", "{2BFC38CC-84E8-4349-B3AE-621F2453D9E9}"
EndProject
Project("{8BC9CEB8-8B4A-11D0-8D11-00A0C91BC942}") = "Bai018", "Bai018\Bai018.vcxproj", "{DB8A4278-363D-4C8F-A087-88A377C5E8EA}"
EndProject
Project("{8BC9CEB8-8B4A-11D0-8D11-00A0C91BC942}") = "Bai024", "Bai024\Bai024.vcxproj", "{6B995307-C2EE-4A85-8F37-B7B0E0A9CA86}"
EndProject
Project("{8BC9CEB8-8B4A-11D0-8D11-00A0C91BC942}") = "Bai030", "Bai034\Bai034.vcxproj", "{EF7E8471-87A6-4F34-A81D-B2A77884656E}"
EndProject
Project("{8BC9CEB8-8B4A-11D0-8D11-00A0C91BC942}") = "Bai036", "Bai036\Bai036.vcxproj", "{69D8D3B2-4FEC-4B6D-8DC5-0EC15B1601AA}"
EndProject
Project("{8BC9CEB8-8B4A-11D0-8D11-00A0C91BC942}") = "Bai042", "Bai042\Bai042.vcxproj", "{11DD6801-9967-450F-9A47-2A8238DF8368}"
EndProject
Project("{8BC9CEB8-8B4A-11D0-8D11-00A0C91BC942}") = "Bai048", "Bai048\Bai048.vcxproj", "{B4BE9A7A-F9FC-4856-948B-E7F8AA07502C}"
EndProject
Project("{8BC9CEB8-8B4A-11D0-8D11-00A0C91BC942}") = "Bai054", "Bai054\Bai054.vcxproj", "{D811E828-B583-4B90-A3F9-EFE175B6C47E}"
EndProject
Project("{8BC9CEB8-8B4A-11D0-8D11-00A0C91BC942}") = "Bai060", "Bai060\Bai060.vcxproj", "{B2344454-A74C-40D6-86CB-C9F38F71AB96}"
EndProject
Project("{8BC9CEB8-8B4A-11D0-8D11-00A0C91BC942}") = "Bai066", "Bai066\Bai066.vcxproj", "{9B5B4CF3-9184-46A4-B450-A6F0F956D72E}"
EndProject
Project("{8BC9CEB8-8B4A-11D0-8D11-00A0C91BC942}") = "Bai072", "Bai072\Bai072.vcxproj", "{CAD62EA0-041B-4E8B-A8F5-FC510CD6C85F}"
EndProject
Project("{8BC9CEB8-8B4A-11D0-8D11-00A0C91BC942}") = "Bai078", "Bai078\Bai078.vcxproj", "{9C029EBD-6348-46E1-B8E6-9D5E4B37F156}"
EndProject
Project("{8BC9CEB8-8B4A-11D0-8D11-00A0C91BC942}") = "Bai084", "Bai084\Bai084.vcxproj", "{6441AF6D-8457-4046-A087-126A55734AF4}"
EndProject
Project("{8BC9CEB8-8B4A-11D0-8D11-00A0C91BC942}") = "Bai090", "Bai090\Bai090.vcxproj", "{BC58D4CF-B1A3-4937-8665-40DF19257BC1}"
EndProject
Project("{8BC9CEB8-8B4A-11D0-8D11-00A0C91BC942}") = "Bai096", "Bai096\Bai096.vcxproj", "{0C1EAAD6-E467-43B5-9EA3-366727C2E185}"
EndProject
Project("{8BC9CEB8-8B4A-11D0-8D11-00A0C91BC942}") = "Bai102", "Project1\Project1.vcxproj", "{03578911-CC9E-4083-BB52-583572CCE263}"
EndProject
Project("{8BC9CEB8-8B4A-11D0-8D11-00A0C91BC942}") = "Bai108", "Bai108\Bai108.vcxproj", "{6973AF9F-26B0-4DFD-9F99-2A8F82D5E0DC}"
EndProject
Project("{8BC9CEB8-8B4A-11D0-8D11-00A0C91BC942}") = "Bai114", "Bai114\Bai114.vcxproj", "{E9497152-A587-41EF-ADE0-9F68756B51D3}"
EndProject
Project("{8BC9CEB8-8B4A-11D0-8D11-00A0C91BC942}") = "Bai120", "Bai120\Bai120.vcxproj", "{E863D09D-18C6-4934-B3CD-B66ED94950C7}"
EndProject
Project("{8BC9CEB8-8B4A-11D0-8D11-00A0C91BC942}") = "Bai126", "Bai126\Bai126.vcxproj", "{312651ED-912E-4A40-9273-23A9454D1E9F}"
EndProject
Project("{8BC9CEB8-8B4A-11D0-8D11-00A0C91BC942}") = "Bai132", "Bai132\Bai132.vcxproj", "{08BF4B8B-D36D-48EE-BF3D-DB259A9B78A2}"
EndProject
Project("{8BC9CEB8-8B4A-11D0-8D11-00A0C91BC942}") = "Bai138", "Bai138\Bai138.vcxproj", "{F3ED6254-12C4-4E6C-A019-9D8480D330A8}"
EndProject
Project("{8BC9CEB8-8B4A-11D0-8D11-00A0C91BC942}") = "Bai144", "Bai144\Bai144.vcxproj", "{53C7A641-BE6F-4C01-9D47-2D9C7051B731}"
EndProject
Project("{8BC9CEB8-8B4A-11D0-8D11-00A0C91BC942}") = "Bai150", "Bai150\Bai150.vcxproj", "{2C19E5D4-900D-4CEA-B097-B99306A5F0F5}"
EndProject
Project("{8BC9CEB8-8B4A-11D0-8D11-00A0C91BC942}") = "Bai156", "Bai156\Bai156.vcxproj", "{3A79D3CC-468A-4AC4-9317-0CC724C9EE3D}"
EndProject
Project("{8BC9CEB8-8B4A-11D0-8D11-00A0C91BC942}") = "Bai162", "Bai162\Bai162.vcxproj", "{A7A48428-1EF1-40DA-A2FF-7333D1E1444C}"
EndProject
Project("{8BC9CEB8-8B4A-11D0-8D11-00A0C91BC942}") = "Bai168", "Bai168\Bai168.vcxproj", "{3BAA3B66-536F-4A17-AD9F-62DC62127CD8}"
EndProject
Global
	GlobalSection(SolutionConfigurationPlatforms) = preSolution
		Debug|x64 = Debug|x64
		Debug|x86 = Debug|x86
		Release|x64 = Release|x64
		Release|x86 = Release|x86
	EndGlobalSection
	GlobalSection(ProjectConfigurationPlatforms) = postSolution
		{63504C0B-7CFE-4890-98FE-603309E1412F}.Debug|x64.ActiveCfg = Debug|x64
		{63504C0B-7CFE-4890-98FE-603309E1412F}.Debug|x64.Build.0 = Debug|x64
		{63504C0B-7CFE-4890-98FE-603309E1412F}.Debug|x86.ActiveCfg = Debug|Win32
		{63504C0B-7CFE-4890-98FE-603309E1412F}.Debug|x86.Build.0 = Debug|Win32
		{63504C0B-7CFE-4890-98FE-603309E1412F}.Release|x64.ActiveCfg = Release|x64
		{63504C0B-7CFE-4890-98FE-603309E1412F}.Release|x64.Build.0 = Release|x64
		{63504C0B-7CFE-4890-98FE-603309E1412F}.Release|x86.ActiveCfg = Release|Win32
		{63504C0B-7CFE-4890-98FE-603309E1412F}.Release|x86.Build.0 = Release|Win32
		{F5125FF1-8FA0-4CA7-B239-71D104173510}.Debug|x64.ActiveCfg = Debug|x64
		{F5125FF1-8FA0-4CA7-B239-71D104173510}.Debug|x64.Build.0 = Debug|x64
		{F5125FF1-8FA0-4CA7-B239-71D104173510}.Debug|x86.ActiveCfg = Debug|Win32
		{F5125FF1-8FA0-4CA7-B239-71D104173510}.Debug|x86.Build.0 = Debug|Win32
		{F5125FF1-8FA0-4CA7-B239-71D104173510}.Release|x64.ActiveCfg = Release|x64
		{F5125FF1-8FA0-4CA7-B239-71D104173510}.Release|x64.Build.0 = Release|x64
		{F5125FF1-8FA0-4CA7-B239-71D104173510}.Release|x86.ActiveCfg = Release|Win32
		{F5125FF1-8FA0-4CA7-B239-71D104173510}.Release|x86.Build.0 = Release|Win32
		{2BFC38CC-84E8-4349-B3AE-621F2453D9E9}.Debug|x64.ActiveCfg = Debug|x64
		{2BFC38CC-84E8-4349-B3AE-621F2453D9E9}.Debug|x64.Build.0 = Debug|x64
		{2BFC38CC-84E8-4349-B3AE-621F2453D9E9}.Debug|x86.ActiveCfg = Debug|Win32
		{2BFC38CC-84E8-4349-B3AE-621F2453D9E9}.Debug|x86.Build.0 = Debug|Win32
		{2BFC38CC-84E8-4349-B3AE-621F2453D9E9}.Release|x64.ActiveCfg = Release|x64
		{2BFC38CC-84E8-4349-B3AE-621F2453D9E9}.Release|x64.Build.0 = Release|x64
		{2BFC38CC-84E8-4349-B3AE-621F2453D9E9}.Release|x86.ActiveCfg = Release|Win32
		{2BFC38CC-84E8-4349-B3AE-621F2453D9E9}.Release|x86.Build.0 = Release|Win32
		{DB8A4278-363D-4C8F-A087-88A377C5E8EA}.Debug|x64.ActiveCfg = Debug|x64
		{DB8A4278-363D-4C8F-A087-88A377C5E8EA}.Debug|x64.Build.0 = Debug|x64
		{DB8A4278-363D-4C8F-A087-88A377C5E8EA}.Debug|x86.ActiveCfg = Debug|Win32
		{DB8A4278-363D-4C8F-A087-88A377C5E8EA}.Debug|x86.Build.0 = Debug|Win32
		{DB8A4278-363D-4C8F-A087-88A377C5E8EA}.Release|x64.ActiveCfg = Release|x64
		{DB8A4278-363D-4C8F-A087-88A377C5E8EA}.Release|x64.Build.0 = Release|x64
		{DB8A4278-363D-4C8F-A087-88A377C5E8EA}.Release|x86.ActiveCfg = Release|Win32
		{DB8A4278-363D-4C8F-A087-88A377C5E8EA}.Release|x86.Build.0 = Release|Win32
		{6B995307-C2EE-4A85-8F37-B7B0E0A9CA86}.Debug|x64.ActiveCfg = Debug|x64
		{6B995307-C2EE-4A85-8F37-B7B0E0A9CA86}.Debug|x64.Build.0 = Debug|x64
		{6B995307-C2EE-4A85-8F37-B7B0E0A9CA86}.Debug|x86.ActiveCfg = Debug|Win32
		{6B995307-C2EE-4A85-8F37-B7B0E0A9CA86}.Debug|x86.Build.0 = Debug|Win32
		{6B995307-C2EE-4A85-8F37-B7B0E0A9CA86}.Release|x64.ActiveCfg = Release|x64
		{6B995307-C2EE-4A85-8F37-B7B0E0A9CA86}.Release|x64.Build.0 = Release|x64
		{6B995307-C2EE-4A85-8F37-B7B0E0A9CA86}.Release|x86.ActiveCfg = Release|Win32
		{6B995307-C2EE-4A85-8F37-B7B0E0A9CA86}.Release|x86.Build.0 = Release|Win32
		{EF7E8471-87A6-4F34-A81D-B2A77884656E}.Debug|x64.ActiveCfg = Debug|x64
		{EF7E8471-87A6-4F34-A81D-B2A77884656E}.Debug|x64.Build.0 = Debug|x64
		{EF7E8471-87A6-4F34-A81D-B2A77884656E}.Debug|x86.ActiveCfg = Debug|Win32
		{EF7E8471-87A6-4F34-A81D-B2A77884656E}.Debug|x86.Build.0 = Debug|Win32
		{EF7E8471-87A6-4F34-A81D-B2A77884656E}.Release|x64.ActiveCfg = Release|x64
		{EF7E8471-87A6-4F34-A81D-B2A77884656E}.Release|x64.Build.0 = Release|x64
		{EF7E8471-87A6-4F34-A81D-B2A77884656E}.Release|x86.ActiveCfg = Release|Win32
		{EF7E8471-87A6-4F34-A81D-B2A77884656E}.Release|x86.Build.0 = Release|Win32
		{69D8D3B2-4FEC-4B6D-8DC5-0EC15B1601AA}.Debug|x64.ActiveCfg = Debug|x64
		{69D8D3B2-4FEC-4B6D-8DC5-0EC15B1601AA}.Debug|x64.Build.0 = Debug|x64
		{69D8D3B2-4FEC-4B6D-8DC5-0EC15B1601AA}.Debug|x86.ActiveCfg = Debug|Win32
		{69D8D3B2-4FEC-4B6D-8DC5-0EC15B1601AA}.Debug|x86.Build.0 = Debug|Win32
		{69D8D3B2-4FEC-4B6D-8DC5-0EC15B1601AA}.Release|x64.ActiveCfg = Release|x64
		{69D8D3B2-4FEC-4B6D-8DC5-0EC15B1601AA}.Release|x64.Build.0 = Release|x64
		{69D8D3B2-4FEC-4B6D-8DC5-0EC15B1601AA}.Release|x86.ActiveCfg = Release|Win32
		{69D8D3B2-4FEC-4B6D-8DC5-0EC15B1601AA}.Release|x86.Build.0 = Release|Win32
		{11DD6801-9967-450F-9A47-2A8238DF8368}.Debug|x64.ActiveCfg = Debug|x64
		{11DD6801-9967-450F-9A47-2A8238DF8368}.Debug|x64.Build.0 = Debug|x64
		{11DD6801-9967-450F-9A47-2A8238DF8368}.Debug|x86.ActiveCfg = Debug|Win32
		{11DD6801-9967-450F-9A47-2A8238DF8368}.Debug|x86.Build.0 = Debug|Win32
		{11DD6801-9967-450F-9A47-2A8238DF8368}.Release|x64.ActiveCfg = Release|x64
		{11DD6801-9967-450F-9A47-2A8238DF8368}.Release|x64.Build.0 = Release|x64
		{11DD6801-9967-450F-9A47-2A8238DF8368}.Release|x86.ActiveCfg = Release|Win32
		{11DD6801-9967-450F-9A47-2A8238DF8368}.Release|x86.Build.0 = Release|Win32
		{B4BE9A7A-F9FC-4856-948B-E7F8AA07502C}.Debug|x64.ActiveCfg = Debug|x64
		{B4BE9A7A-F9FC-4856-948B-E7F8AA07502C}.Debug|x64.Build.0 = Debug|x64
		{B4BE9A7A-F9FC-4856-948B-E7F8AA07502C}.Debug|x86.ActiveCfg = Debug|Win32
		{B4BE9A7A-F9FC-4856-948B-E7F8AA07502C}.Debug|x86.Build.0 = Debug|Win32
		{B4BE9A7A-F9FC-4856-948B-E7F8AA07502C}.Release|x64.ActiveCfg = Release|x64
		{B4BE9A7A-F9FC-4856-948B-E7F8AA07502C}.Release|x64.Build.0 = Release|x64
		{B4BE9A7A-F9FC-4856-948B-E7F8AA07502C}.Release|x86.ActiveCfg = Release|Win32
		{B4BE9A7A-F9FC-4856-948B-E7F8AA07502C}.Release|x86.Build.0 = Release|Win32
		{D811E828-B583-4B90-A3F9-EFE175B6C47E}.Debug|x64.ActiveCfg = Debug|x64
		{D811E828-B583-4B90-A3F9-EFE175B6C47E}.Debug|x64.Build.0 = Debug|x64
		{D811E828-B583-4B90-A3F9-EFE175B6C47E}.Debug|x86.ActiveCfg = Debug|Win32
		{D811E828-B583-4B90-A3F9-EFE175B6C47E}.Debug|x86.Build.0 = Debug|Win32
		{D811E828-B583-4B90-A3F9-EFE175B6C47E}.Release|x64.ActiveCfg = Release|x64
		{D811E828-B583-4B90-A3F9-EFE175B6C47E}.Release|x64.Build.0 = Release|x64
		{D811E828-B583-4B90-A3F9-EFE175B6C47E}.Release|x86.ActiveCfg = Release|Win32
		{D811E828-B583-4B90-A3F9-EFE175B6C47E}.Release|x86.Build.0 = Release|Win32
		{B2344454-A74C-40D6-86CB-C9F38F71AB96}.Debug|x64.ActiveCfg = Debug|x64
		{B2344454-A74C-40D6-86CB-C9F38F71AB96}.Debug|x64.Build.0 = Debug|x64
		{B2344454-A74C-40D6-86CB-C9F38F71AB96}.Debug|x86.ActiveCfg = Debug|Win32
		{B2344454-A74C-40D6-86CB-C9F38F71AB96}.Debug|x86.Build.0 = Debug|Win32
		{B2344454-A74C-40D6-86CB-C9F38F71AB96}.Release|x64.ActiveCfg = Release|x64
		{B2344454-A74C-40D6-86CB-C9F38F71AB96}.Release|x64.Build.0 = Release|x64
		{B2344454-A74C-40D6-86CB-C9F38F71AB96}.Release|x86.ActiveCfg = Release|Win32
		{B2344454-A74C-40D6-86CB-C9F38F71AB96}.Release|x86.Build.0 = Release|Win32
		{9B5B4CF3-9184-46A4-B450-A6F0F956D72E}.Debug|x64.ActiveCfg = Debug|x64
		{9B5B4CF3-9184-46A4-B450-A6F0F956D72E}.Debug|x64.Build.0 = Debug|x64
		{9B5B4CF3-9184-46A4-B450-A6F0F956D72E}.Debug|x86.ActiveCfg = Debug|Win32
		{9B5B4CF3-9184-46A4-B450-A6F0F956D72E}.Debug|x86.Build.0 = Debug|Win32
		{9B5B4CF3-9184-46A4-B450-A6F0F956D72E}.Release|x64.ActiveCfg = Release|x64
		{9B5B4CF3-9184-46A4-B450-A6F0F956D72E}.Release|x64.Build.0 = Release|x64
		{9B5B4CF3-9184-46A4-B450-A6F0F956D72E}.Release|x86.ActiveCfg = Release|Win32
		{9B5B4CF3-9184-46A4-B450-A6F0F956D72E}.Release|x86.Build.0 = Release|Win32
		{CAD62EA0-041B-4E8B-A8F5-FC510CD6C85F}.Debug|x64.ActiveCfg = Debug|x64
		{CAD62EA0-041B-4E8B-A8F5-FC510CD6C85F}.Debug|x64.Build.0 = Debug|x64
		{CAD62EA0-041B-4E8B-A8F5-FC510CD6C85F}.Debug|x86.ActiveCfg = Debug|Win32
		{CAD62EA0-041B-4E8B-A8F5-FC510CD6C85F}.Debug|x86.Build.0 = Debug|Win32
		{CAD62EA0-041B-4E8B-A8F5-FC510CD6C85F}.Release|x64.ActiveCfg = Release|x64
		{CAD62EA0-041B-4E8B-A8F5-FC510CD6C85F}.Release|x64.Build.0 = Release|x64
		{CAD62EA0-041B-4E8B-A8F5-FC510CD6C85F}.Release|x86.ActiveCfg = Release|Win32
		{CAD62EA0-041B-4E8B-A8F5-FC510CD6C85F}.Release|x86.Build.0 = Release|Win32
		{9C029EBD-6348-46E1-B8E6-9D5E4B37F156}.Debug|x64.ActiveCfg = Debug|x64
		{9C029EBD-6348-46E1-B8E6-9D5E4B37F156}.Debug|x64.Build.0 = Debug|x64
		{9C029EBD-6348-46E1-B8E6-9D5E4B37F156}.Debug|x86.ActiveCfg = Debug|Win32
		{9C029EBD-6348-46E1-B8E6-9D5E4B37F156}.Debug|x86.Build.0 = Debug|Win32
		{9C029EBD-6348-46E1-B8E6-9D5E4B37F156}.Release|x64.ActiveCfg = Release|x64
		{9C029EBD-6348-46E1-B8E6-9D5E4B37F156}.Release|x64.Build.0 = Release|x64
		{9C029EBD-6348-46E1-B8E6-9D5E4B37F156}.Release|x86.ActiveCfg = Release|Win32
		{9C029EBD-6348-46E1-B8E6-9D5E4B37F156}.Release|x86.Build.0 = Release|Win32
		{6441AF6D-8457-4046-A087-126A55734AF4}.Debug|x64.ActiveCfg = Debug|x64
		{6441AF6D-8457-4046-A087-126A55734AF4}.Debug|x64.Build.0 = Debug|x64
		{6441AF6D-8457-4046-A087-126A55734AF4}.Debug|x86.ActiveCfg = Debug|Win32
		{6441AF6D-8457-4046-A087-126A55734AF4}.Debug|x86.Build.0 = Debug|Win32
		{6441AF6D-8457-4046-A087-126A55734AF4}.Release|x64.ActiveCfg = Release|x64
		{6441AF6D-8457-4046-A087-126A55734AF4}.Release|x64.Build.0 = Release|x64
		{6441AF6D-8457-4046-A087-126A55734AF4}.Release|x86.ActiveCfg = Release|Win32
		{6441AF6D-8457-4046-A087-126A55734AF4}.Release|x86.Build.0 = Release|Win32
		{BC58D4CF-B1A3-4937-8665-40DF19257BC1}.Debug|x64.ActiveCfg = Debug|x64
		{BC58D4CF-B1A3-4937-8665-40DF19257BC1}.Debug|x64.Build.0 = Debug|x64
		{BC58D4CF-B1A3-4937-8665-40DF19257BC1}.Debug|x86.ActiveCfg = Debug|Win32
		{BC58D4CF-B1A3-4937-8665-40DF19257BC1}.Debug|x86.Build.0 = Debug|Win32
		{BC58D4CF-B1A3-4937-8665-40DF19257BC1}.Release|x64.ActiveCfg = Release|x64
		{BC58D4CF-B1A3-4937-8665-40DF19257BC1}.Release|x64.Build.0 = Release|x64
		{BC58D4CF-B1A3-4937-8665-40DF19257BC1}.Release|x86.ActiveCfg = Release|Win32
		{BC58D4CF-B1A3-4937-8665-40DF19257BC1}.Release|x86.Build.0 = Release|Win32
		{0C1EAAD6-E467-43B5-9EA3-366727C2E185}.Debug|x64.ActiveCfg = Debug|x64
		{0C1EAAD6-E467-43B5-9EA3-366727C2E185}.Debug|x64.Build.0 = Debug|x64
		{0C1EAAD6-E467-43B5-9EA3-366727C2E185}.Debug|x86.ActiveCfg = Debug|Win32
		{0C1EAAD6-E467-43B5-9EA3-366727C2E185}.Debug|x86.Build.0 = Debug|Win32
		{0C1EAAD6-E467-43B5-9EA3-366727C2E185}.Release|x64.ActiveCfg = Release|x64
		{0C1EAAD6-E467-43B5-9EA3-366727C2E185}.Release|x64.Build.0 = Release|x64
		{0C1EAAD6-E467-43B5-9EA3-366727C2E185}.Release|x86.ActiveCfg = Release|Win32
		{0C1EAAD6-E467-43B5-9EA3-366727C2E185}.Release|x86.Build.0 = Release|Win32
		{03578911-CC9E-4083-BB52-583572CCE263}.Debug|x64.ActiveCfg = Debug|x64
		{03578911-CC9E-4083-BB52-583572CCE263}.Debug|x64.Build.0 = Debug|x64
		{03578911-CC9E-4083-BB52-583572CCE263}.Debug|x86.ActiveCfg = Debug|Win32
		{03578911-CC9E-4083-BB52-583572CCE263}.Debug|x86.Build.0 = Debug|Win32
		{03578911-CC9E-4083-BB52-583572CCE263}.Release|x64.ActiveCfg = Release|x64
		{03578911-CC9E-4083-BB52-583572CCE263}.Release|x64.Build.0 = Release|x64
		{03578911-CC9E-4083-BB52-583572CCE263}.Release|x86.ActiveCfg = Release|Win32
		{03578911-CC9E-4083-BB52-583572CCE263}.Release|x86.Build.0 = Release|Win32
		{6973AF9F-26B0-4DFD-9F99-2A8F82D5E0DC}.Debug|x64.ActiveCfg = Debug|x64
		{6973AF9F-26B0-4DFD-9F99-2A8F82D5E0DC}.Debug|x64.Build.0 = Debug|x64
		{6973AF9F-26B0-4DFD-9F99-2A8F82D5E0DC}.Debug|x86.ActiveCfg = Debug|Win32
		{6973AF9F-26B0-4DFD-9F99-2A8F82D5E0DC}.Debug|x86.Build.0 = Debug|Win32
		{6973AF9F-26B0-4DFD-9F99-2A8F82D5E0DC}.Release|x64.ActiveCfg = Release|x64
		{6973AF9F-26B0-4DFD-9F99-2A8F82D5E0DC}.Release|x64.Build.0 = Release|x64
		{6973AF9F-26B0-4DFD-9F99-2A8F82D5E0DC}.Release|x86.ActiveCfg = Release|Win32
		{6973AF9F-26B0-4DFD-9F99-2A8F82D5E0DC}.Release|x86.Build.0 = Release|Win32
		{E9497152-A587-41EF-ADE0-9F68756B51D3}.Debug|x64.ActiveCfg = Debug|x64
		{E9497152-A587-41EF-ADE0-9F68756B51D3}.Debug|x64.Build.0 = Debug|x64
		{E9497152-A587-41EF-ADE0-9F68756B51D3}.Debug|x86.ActiveCfg = Debug|Win32
		{E9497152-A587-41EF-ADE0-9F68756B51D3}.Debug|x86.Build.0 = Debug|Win32
		{E9497152-A587-41EF-ADE0-9F68756B51D3}.Release|x64.ActiveCfg = Release|x64
		{E9497152-A587-41EF-ADE0-9F68756B51D3}.Release|x64.Build.0 = Release|x64
		{E9497152-A587-41EF-ADE0-9F68756B51D3}.Release|x86.ActiveCfg = Release|Win32
		{E9497152-A587-41EF-ADE0-9F68756B51D3}.Release|x86.Build.0 = Release|Win32
		{E863D09D-18C6-4934-B3CD-B66ED94950C7}.Debug|x64.ActiveCfg = Debug|x64
		{E863D09D-18C6-4934-B3CD-B66ED94950C7}.Debug|x64.Build.0 = Debug|x64
		{E863D09D-18C6-4934-B3CD-B66ED94950C7}.Debug|x86.ActiveCfg = Debug|Win32
		{E863D09D-18C6-4934-B3CD-B66ED94950C7}.Debug|x86.Build.0 = Debug|Win32
		{E863D09D-18C6-4934-B3CD-B66ED94950C7}.Release|x64.ActiveCfg = Release|x64
		{E863D09D-18C6-4934-B3CD-B66ED94950C7}.Release|x64.Build.0 = Release|x64
		{E863D09D-18C6-4934-B3CD-B66ED94950C7}.Release|x86.ActiveCfg = Release|Win32
		{E863D09D-18C6-4934-B3CD-B66ED94950C7}.Release|x86.Build.0 = Release|Win32
		{312651ED-912E-4A40-9273-23A9454D1E9F}.Debug|x64.ActiveCfg = Debug|x64
		{312651ED-912E-4A40-9273-23A9454D1E9F}.Debug|x64.Build.0 = Debug|x64
		{312651ED-912E-4A40-9273-23A9454D1E9F}.Debug|x86.ActiveCfg = Debug|Win32
		{312651ED-912E-4A40-9273-23A9454D1E9F}.Debug|x86.Build.0 = Debug|Win32
		{312651ED-912E-4A40-9273-23A9454D1E9F}.Release|x64.ActiveCfg = Release|x64
		{312651ED-912E-4A40-9273-23A9454D1E9F}.Release|x64.Build.0 = Release|x64
		{312651ED-912E-4A40-9273-23A9454D1E9F}.Release|x86.ActiveCfg = Release|Win32
		{312651ED-912E-4A40-9273-23A9454D1E9F}.Release|x86.Build.0 = Release|Win32
		{08BF4B8B-D36D-48EE-BF3D-DB259A9B78A2}.Debug|x64.ActiveCfg = Debug|x64
		{08BF4B8B-D36D-48EE-BF3D-DB259A9B78A2}.Debug|x64.Build.0 = Debug|x64
		{08BF4B8B-D36D-48EE-BF3D-DB259A9B78A2}.Debug|x86.ActiveCfg = Debug|Win32
		{08BF4B8B-D36D-48EE-BF3D-DB259A9B78A2}.Debug|x86.Build.0 = Debug|Win32
		{08BF4B8B-D36D-48EE-BF3D-DB259A9B78A2}.Release|x64.ActiveCfg = Release|x64
		{08BF4B8B-D36D-48EE-BF3D-DB259A9B78A2}.Release|x64.Build.0 = Release|x64
		{08BF4B8B-D36D-48EE-BF3D-DB259A9B78A2}.Release|x86.ActiveCfg = Release|Win32
		{08BF4B8B-D36D-48EE-BF3D-DB259A9B78A2}.Release|x86.Build.0 = Release|Win32
		{F3ED6254-12C4-4E6C-A019-9D8480D330A8}.Debug|x64.ActiveCfg = Debug|x64
		{F3ED6254-12C4-4E6C-A019-9D8480D330A8}.Debug|x64.Build.0 = Debug|x64
		{F3ED6254-12C4-4E6C-A019-9D8480D330A8}.Debug|x86.ActiveCfg = Debug|Win32
		{F3ED6254-12C4-4E6C-A019-9D8480D330A8}.Debug|x86.Build.0 = Debug|Win32
		{F3ED6254-12C4-4E6C-A019-9D8480D330A8}.Release|x64.ActiveCfg = Release|x64
		{F3ED6254-12C4-4E6C-A019-9D8480D330A8}.Release|x64.Build.0 = Release|x64
		{F3ED6254-12C4-4E6C-A019-9D8480D330A8}.Release|x86.ActiveCfg = Release|Win32
		{F3ED6254-12C4-4E6C-A019-9D8480D330A8}.Release|x86.Build.0 = Release|Win32
		{53C7A641-BE6F-4C01-9D47-2D9C7051B731}.Debug|x64.ActiveCfg = Debug|x64
		{53C7A641-BE6F-4C01-9D47-2D9C7051B731}.Debug|x64.Build.0 = Debug|x64
		{53C7A641-BE6F-4C01-9D47-2D9C7051B731}.Debug|x86.ActiveCfg = Debug|Win32
		{53C7A641-BE6F-4C01-9D47-2D9C7051B731}.Debug|x86.Build.0 = Debug|Win32
		{53C7A641-BE6F-4C01-9D47-2D9C7051B731}.Release|x64.ActiveCfg = Release|x64
		{53C7A641-BE6F-4C01-9D47-2D9C7051B731}.Release|x64.Build.0 = Release|x64
		{53C7A641-BE6F-4C01-9D47-2D9C7051B731}.Release|x86.ActiveCfg = Release|Win32
		{53C7A641-BE6F-4C01-9D47-2D9C7051B731}.Release|x86.Build.0 = Release|Win32
		{2C19E5D4-900D-4CEA-B097-B99306A5F0F5}.Debug|x64.ActiveCfg = Debug|x64
		{2C19E5D4-900D-4CEA-B097-B99306A5F0F5}.Debug|x64.Build.0 = Debug|x64
		{2C19E5D4-900D-4CEA-B097-B99306A5F0F5}.Debug|x86.ActiveCfg = Debug|Win32
		{2C19E5D4-900D-4CEA-B097-B99306A5F0F5}.Debug|x86.Build.0 = Debug|Win32
		{2C19E5D4-900D-4CEA-B097-B99306A5F0F5}.Release|x64.ActiveCfg = Release|x64
		{2C19E5D4-900D-4CEA-B097-B99306A5F0F5}.Release|x64.Build.0 = Release|x64
		{2C19E5D4-900D-4CEA-B097-B99306A5F0F5}.Release|x86.ActiveCfg = Release|Win32
		{2C19E5D4-900D-4CEA-B097-B99306A5F0F5}.Release|x86.Build.0 = Release|Win32
		{3A79D3CC-468A-4AC4-9317-0CC724C9EE3D}.Debug|x64.ActiveCfg = Debug|x64
		{3A79D3CC-468A-4AC4-9317-0CC724C9EE3D}.Debug|x64.Build.0 = Debug|x64
		{3A79D3CC-468A-4AC4-9317-0CC724C9EE3D}.Debug|x86.ActiveCfg = Debug|Win32
		{3A79D3CC-468A-4AC4-9317-0CC724C9EE3D}.Debug|x86.Build.0 = Debug|Win32
		{3A79D3CC-468A-4AC4-9317-0CC724C9EE3D}.Release|x64.ActiveCfg = Release|x64
		{3A79D3CC-468A-4AC4-9317-0CC724C9EE3D}.Release|x64.Build.0 = Release|x64
		{3A79D3CC-468A-4AC4-9317-0CC724C9EE3D}.Release|x86.ActiveCfg = Release|Win32
		{3A79D3CC-468A-4AC4-9317-0CC724C9EE3D}.Release|x86.Build.0 = Release|Win32
		{A7A48428-1EF1-40DA-A2FF-7333D1E1444C}.Debug|x64.ActiveCfg = Debug|x64
		{A7A48428-1EF1-40DA-A2FF-7333D1E1444C}.Debug|x64.Build.0 = Debug|x64
		{A7A48428-1EF1-40DA-A2FF-7333D1E1444C}.Debug|x86.ActiveCfg = Debug|Win32
		{A7A48428-1EF1-40DA-A2FF-7333D1E1444C}.Debug|x86.Build.0 = Debug|Win32
		{A7A48428-1EF1-40DA-A2FF-7333D1E1444C}.Release|x64.ActiveCfg = Release|x64
		{A7A48428-1EF1-40DA-A2FF-7333D1E1444C}.Release|x64.Build.0 = Release|x64
		{A7A48428-1EF1-40DA-A2FF-7333D1E1444C}.Release|x86.ActiveCfg = Release|Win32
		{A7A48428-1EF1-40DA-A2FF-7333D1E1444C}.Release|x86.Build.0 = Release|Win32
		{3BAA3B66-536F-4A17-AD9F-62DC62127CD8}.Debug|x64.ActiveCfg = Debug|x64
		{3BAA3B66-536F-4A17-AD9F-62DC62127CD8}.Debug|x64.Build.0 = Debug|x64
		{3BAA3B66-536F-4A17-AD9F-62DC62127CD8}.Debug|x86.ActiveCfg = Debug|Win32
		{3BAA3B66-536F-4A17-AD9F-62DC62127CD8}.Debug|x86.Build.0 = Debug|Win32
		{3BAA3B66-536F-4A17-AD9F-62DC62127CD8}.Release|x64.ActiveCfg = Release|x64
		{3BAA3B66-536F-4A17-AD9F-62DC62127CD8}.Release|x64.Build.0 = Release|x64
		{3BAA3B66-536F-4A17-AD9F-62DC62127CD8}.Release|x86.ActiveCfg = Release|Win32
		{3BAA3B66-536F-4A17-AD9F-62DC62127CD8}.Release|x86.Build.0 = Release|Win32
	EndGlobalSection
	GlobalSection(SolutionProperties) = preSolution
		HideSolutionNode = FALSE
	EndGlobalSection
	GlobalSection(ExtensibilityGlobals) = postSolution
		SolutionGuid = {904190ED-6088-49B7-8F4E-C4E5D3C572A2}
	EndGlobalSection
EndGlobal
