
Microsoft Visual Studio Solution File, Format Version 12.00
# Visual Studio Version 17
VisualStudioVersion = 17.7.34031.279
MinimumVisualStudioVersion = 10.0.40219.1
Project("{8BC9CEB8-8B4A-11D0-8D11-00A0C91BC942}") = "Bai001", "Bai001\Bai001.vcxproj", "{D6A5CAC7-B358-43FE-A7E9-3225ED293F25}"
EndProject
Project("{8BC9CEB8-8B4A-11D0-8D11-00A0C91BC942}") = "PhanChiaBT", "PhanChiaBT\PhanChiaBT.vcxproj", "{63504C0B-7CFE-4890-98FE-603309E1412F}"
EndProject
Project("{8BC9CEB8-8B4A-11D0-8D11-00A0C91BC942}") = "Bai007", "Bai007\Bai007.vcxproj", "{3C6BEADD-7FB4-4288-B79A-6D31997B74B6}"
EndProject
Project("{8BC9CEB8-8B4A-11D0-8D11-00A0C91BC942}") = "Bai013", "Bai013\Bai013.vcxproj", "{37ECC127-F6DD-4B95-AF28-E0CA38901583}"
EndProject
Project("{8BC9CEB8-8B4A-11D0-8D11-00A0C91BC942}") = "Bai019", "Bai019\Bai019.vcxproj", "{357FABF6-B413-481D-A67E-44B836BA4C8C}"
EndProject
Project("{8BC9CEB8-8B4A-11D0-8D11-00A0C91BC942}") = "Bai025", "Bai025\Bai025.vcxproj", "{EA1D2023-7465-4D8B-83B5-75A7C35B4959}"
EndProject
Project("{8BC9CEB8-8B4A-11D0-8D11-00A0C91BC942}") = "Bai031", "Bai031\Bai031.vcxproj", "{6CC0177F-3267-40DE-9531-09C4ED5D167F}"
EndProject
Global
	GlobalSection(SolutionConfigurationPlatforms) = preSolution
		Debug|x64 = Debug|x64
		Debug|x86 = Debug|x86
		Release|x64 = Release|x64
		Release|x86 = Release|x86
	EndGlobalSection
	GlobalSection(ProjectConfigurationPlatforms) = postSolution
		{D6A5CAC7-B358-43FE-A7E9-3225ED293F25}.Debug|x64.ActiveCfg = Debug|x64
		{D6A5CAC7-B358-43FE-A7E9-3225ED293F25}.Debug|x64.Build.0 = Debug|x64
		{D6A5CAC7-B358-43FE-A7E9-3225ED293F25}.Debug|x86.ActiveCfg = Debug|Win32
		{D6A5CAC7-B358-43FE-A7E9-3225ED293F25}.Debug|x86.Build.0 = Debug|Win32
		{D6A5CAC7-B358-43FE-A7E9-3225ED293F25}.Release|x64.ActiveCfg = Release|x64
		{D6A5CAC7-B358-43FE-A7E9-3225ED293F25}.Release|x64.Build.0 = Release|x64
		{D6A5CAC7-B358-43FE-A7E9-3225ED293F25}.Release|x86.ActiveCfg = Release|Win32
		{D6A5CAC7-B358-43FE-A7E9-3225ED293F25}.Release|x86.Build.0 = Release|Win32
		{63504C0B-7CFE-4890-98FE-603309E1412F}.Debug|x64.ActiveCfg = Debug|x64
		{63504C0B-7CFE-4890-98FE-603309E1412F}.Debug|x64.Build.0 = Debug|x64
		{63504C0B-7CFE-4890-98FE-603309E1412F}.Debug|x86.ActiveCfg = Debug|Win32
		{63504C0B-7CFE-4890-98FE-603309E1412F}.Debug|x86.Build.0 = Debug|Win32
		{63504C0B-7CFE-4890-98FE-603309E1412F}.Release|x64.ActiveCfg = Release|x64
		{63504C0B-7CFE-4890-98FE-603309E1412F}.Release|x64.Build.0 = Release|x64
		{63504C0B-7CFE-4890-98FE-603309E1412F}.Release|x86.ActiveCfg = Release|Win32
		{63504C0B-7CFE-4890-98FE-603309E1412F}.Release|x86.Build.0 = Release|Win32
		{3C6BEADD-7FB4-4288-B79A-6D31997B74B6}.Debug|x64.ActiveCfg = Debug|x64
		{3C6BEADD-7FB4-4288-B79A-6D31997B74B6}.Debug|x64.Build.0 = Debug|x64
		{3C6BEADD-7FB4-4288-B79A-6D31997B74B6}.Debug|x86.ActiveCfg = Debug|Win32
		{3C6BEADD-7FB4-4288-B79A-6D31997B74B6}.Debug|x86.Build.0 = Debug|Win32
		{3C6BEADD-7FB4-4288-B79A-6D31997B74B6}.Release|x64.ActiveCfg = Release|x64
		{3C6BEADD-7FB4-4288-B79A-6D31997B74B6}.Release|x64.Build.0 = Release|x64
		{3C6BEADD-7FB4-4288-B79A-6D31997B74B6}.Release|x86.ActiveCfg = Release|Win32
		{3C6BEADD-7FB4-4288-B79A-6D31997B74B6}.Release|x86.Build.0 = Release|Win32
		{37ECC127-F6DD-4B95-AF28-E0CA38901583}.Debug|x64.ActiveCfg = Debug|x64
		{37ECC127-F6DD-4B95-AF28-E0CA38901583}.Debug|x64.Build.0 = Debug|x64
		{37ECC127-F6DD-4B95-AF28-E0CA38901583}.Debug|x86.ActiveCfg = Debug|Win32
		{37ECC127-F6DD-4B95-AF28-E0CA38901583}.Debug|x86.Build.0 = Debug|Win32
		{37ECC127-F6DD-4B95-AF28-E0CA38901583}.Release|x64.ActiveCfg = Release|x64
		{37ECC127-F6DD-4B95-AF28-E0CA38901583}.Release|x64.Build.0 = Release|x64
		{37ECC127-F6DD-4B95-AF28-E0CA38901583}.Release|x86.ActiveCfg = Release|Win32
		{37ECC127-F6DD-4B95-AF28-E0CA38901583}.Release|x86.Build.0 = Release|Win32
		{357FABF6-B413-481D-A67E-44B836BA4C8C}.Debug|x64.ActiveCfg = Debug|x64
		{357FABF6-B413-481D-A67E-44B836BA4C8C}.Debug|x64.Build.0 = Debug|x64
		{357FABF6-B413-481D-A67E-44B836BA4C8C}.Debug|x86.ActiveCfg = Debug|Win32
		{357FABF6-B413-481D-A67E-44B836BA4C8C}.Debug|x86.Build.0 = Debug|Win32
		{357FABF6-B413-481D-A67E-44B836BA4C8C}.Release|x64.ActiveCfg = Release|x64
		{357FABF6-B413-481D-A67E-44B836BA4C8C}.Release|x64.Build.0 = Release|x64
		{357FABF6-B413-481D-A67E-44B836BA4C8C}.Release|x86.ActiveCfg = Release|Win32
		{357FABF6-B413-481D-A67E-44B836BA4C8C}.Release|x86.Build.0 = Release|Win32
		{EA1D2023-7465-4D8B-83B5-75A7C35B4959}.Debug|x64.ActiveCfg = Debug|x64
		{EA1D2023-7465-4D8B-83B5-75A7C35B4959}.Debug|x64.Build.0 = Debug|x64
		{EA1D2023-7465-4D8B-83B5-75A7C35B4959}.Debug|x86.ActiveCfg = Debug|Win32
		{EA1D2023-7465-4D8B-83B5-75A7C35B4959}.Debug|x86.Build.0 = Debug|Win32
		{EA1D2023-7465-4D8B-83B5-75A7C35B4959}.Release|x64.ActiveCfg = Release|x64
		{EA1D2023-7465-4D8B-83B5-75A7C35B4959}.Release|x64.Build.0 = Release|x64
		{EA1D2023-7465-4D8B-83B5-75A7C35B4959}.Release|x86.ActiveCfg = Release|Win32
		{EA1D2023-7465-4D8B-83B5-75A7C35B4959}.Release|x86.Build.0 = Release|Win32
		{6CC0177F-3267-40DE-9531-09C4ED5D167F}.Debug|x64.ActiveCfg = Debug|x64
		{6CC0177F-3267-40DE-9531-09C4ED5D167F}.Debug|x64.Build.0 = Debug|x64
		{6CC0177F-3267-40DE-9531-09C4ED5D167F}.Debug|x86.ActiveCfg = Debug|Win32
		{6CC0177F-3267-40DE-9531-09C4ED5D167F}.Debug|x86.Build.0 = Debug|Win32
		{6CC0177F-3267-40DE-9531-09C4ED5D167F}.Release|x64.ActiveCfg = Release|x64
		{6CC0177F-3267-40DE-9531-09C4ED5D167F}.Release|x64.Build.0 = Release|x64
		{6CC0177F-3267-40DE-9531-09C4ED5D167F}.Release|x86.ActiveCfg = Release|Win32
		{6CC0177F-3267-40DE-9531-09C4ED5D167F}.Release|x86.Build.0 = Release|Win32
	EndGlobalSection
	GlobalSection(SolutionProperties) = preSolution
		HideSolutionNode = FALSE
	EndGlobalSection
	GlobalSection(ExtensibilityGlobals) = postSolution
		SolutionGuid = {904190ED-6088-49B7-8F4E-C4E5D3C572A2}
	EndGlobalSection
EndGlobal
